{
  "requires": true,
  "lockfileVersion": 1,
  "dependencies": {
    "@types/papaparse": {
      "version": "4.1.33",
      "resolved": "https://registry.npmjs.org/@types/papaparse/-/papaparse-4.1.33.tgz",
      "integrity": "sha512-FYId1z6LvtfJD5nz7ThbOxkSuuQl63RJ5w3W1UFlFoycMfCdCXxvqWG+EQrN23HiiJftai7JAlxgmuplkVyoCQ==",
      "dev": true
    },
    "papaparse": {
      "version": "4.3.7",
      "resolved": "https://registry.npmjs.org/papaparse/-/papaparse-4.3.7.tgz",
      "integrity": "sha1-7R5xgzINHgg53+n3GGGFz8UJe40="
    }
  }
}
